
Microsoft Visual Studio Solution File, Format Version 12.00
# Visual Studio Version 17
VisualStudioVersion = 17.4.33205.214
MinimumVisualStudioVersion = 10.0.40219.1
Project("{9A19103F-16F7-4668-BE54-9A1E7A4F7556}") = "LAB01-CORE6", "LAB01\LAB01-CORE6.csproj", "{28B1A10E-24B9-4B1F-A875-C1DA7DA829CD}"
EndProject
Project("{FAE04EC0-301F-11D3-BF4B-00C04F79EFBC}") = "LAB01-MVC5", "LAB01-MVC5\LAB01-MVC5.csproj", "{0F5B24C6-68CD-4902-A3C3-FB96FA77279F}"
EndProject
Project("{FAE04EC0-301F-11D3-BF4B-00C04F79EFBC}") = "LAB02", "LAB02\LAB02.csproj", "{DDF2E87D-AFD6-4ED3-B29B-A48D7C20AEB2}"
EndProject
Project("{FAE04EC0-301F-11D3-BF4B-00C04F79EFBC}") = "MVC-作業", "MVC-作業\MVC-作業.csproj", "{511CAFCD-16E8-4C55-93B2-B1E8EF456596}"
EndProject
Global
	GlobalSection(SolutionConfigurationPlatforms) = preSolution
		Debug|Any CPU = Debug|Any CPU
		Release|Any CPU = Release|Any CPU
	EndGlobalSection
	GlobalSection(ProjectConfigurationPlatforms) = postSolution
		{28B1A10E-24B9-4B1F-A875-C1DA7DA829CD}.Debug|Any CPU.ActiveCfg = Debug|Any CPU
		{28B1A10E-24B9-4B1F-A875-C1DA7DA829CD}.Debug|Any CPU.Build.0 = Debug|Any CPU
		{28B1A10E-24B9-4B1F-A875-C1DA7DA829CD}.Release|Any CPU.ActiveCfg = Release|Any CPU
		{28B1A10E-24B9-4B1F-A875-C1DA7DA829CD}.Release|Any CPU.Build.0 = Release|Any CPU
		{0F5B24C6-68CD-4902-A3C3-FB96FA77279F}.Debug|Any CPU.ActiveCfg = Debug|Any CPU
		{0F5B24C6-68CD-4902-A3C3-FB96FA77279F}.Debug|Any CPU.Build.0 = Debug|Any CPU
		{0F5B24C6-68CD-4902-A3C3-FB96FA77279F}.Release|Any CPU.ActiveCfg = Release|Any CPU
		{0F5B24C6-68CD-4902-A3C3-FB96FA77279F}.Release|Any CPU.Build.0 = Release|Any CPU
		{DDF2E87D-AFD6-4ED3-B29B-A48D7C20AEB2}.Debug|Any CPU.ActiveCfg = Debug|Any CPU
		{DDF2E87D-AFD6-4ED3-B29B-A48D7C20AEB2}.Debug|Any CPU.Build.0 = Debug|Any CPU
		{DDF2E87D-AFD6-4ED3-B29B-A48D7C20AEB2}.Release|Any CPU.ActiveCfg = Release|Any CPU
		{DDF2E87D-AFD6-4ED3-B29B-A48D7C20AEB2}.Release|Any CPU.Build.0 = Release|Any CPU
		{511CAFCD-16E8-4C55-93B2-B1E8EF456596}.Debug|Any CPU.ActiveCfg = Debug|Any CPU
		{511CAFCD-16E8-4C55-93B2-B1E8EF456596}.Debug|Any CPU.Build.0 = Debug|Any CPU
		{511CAFCD-16E8-4C55-93B2-B1E8EF456596}.Release|Any CPU.ActiveCfg = Release|Any CPU
		{511CAFCD-16E8-4C55-93B2-B1E8EF456596}.Release|Any CPU.Build.0 = Release|Any CPU
	EndGlobalSection
	GlobalSection(SolutionProperties) = preSolution
		HideSolutionNode = FALSE
	EndGlobalSection
	GlobalSection(ExtensibilityGlobals) = postSolution
		SolutionGuid = {C6A575F4-BEC4-4C8E-A8A1-FA0B9BAF5483}
	EndGlobalSection
EndGlobal
